
Microsoft Visual Studio Solution File, Format Version 12.00
# Visual Studio 15
VisualStudioVersion = 15.0.28307.489
MinimumVisualStudioVersion = 10.0.40219.1
Project("{9A19103F-16F7-4668-BE54-9A1E7A4F7556}") = "Provider", "WebApplication18\Provider.csproj", "{E6E1D512-4D72-4CD2-ACCA-C91CF0B76AC1}"
EndProject
Project("{9A19103F-16F7-4668-BE54-9A1E7A4F7556}") = "Consumer", "WebApplication1\Consumer.csproj", "{C230EF79-10A5-49DA-8AF1-701450997851}"
EndProject
Project("{FAE04EC0-301F-11D3-BF4B-00C04F79EFBC}") = "XUnitTestProject1", "XUnitTestProject1\XUnitTestProject1.csproj", "{59E9FCE6-1770-4BC8-A049-76102C93066C}"
EndProject
Project("{FAE04EC0-301F-11D3-BF4B-00C04F79EFBC}") = "ContractBroker", "ContractBroker\ContractBroker.csproj", "{4157A874-CC64-4AAC-BB39-2FB160A677DB}"
EndProject
Global
	GlobalSection(SolutionConfigurationPlatforms) = preSolution
		Debug|Any CPU = Debug|Any CPU
		Release|Any CPU = Release|Any CPU
	EndGlobalSection
	GlobalSection(ProjectConfigurationPlatforms) = postSolution
		{E6E1D512-4D72-4CD2-ACCA-C91CF0B76AC1}.Debug|Any CPU.ActiveCfg = Debug|Any CPU
		{E6E1D512-4D72-4CD2-ACCA-C91CF0B76AC1}.Debug|Any CPU.Build.0 = Debug|Any CPU
		{E6E1D512-4D72-4CD2-ACCA-C91CF0B76AC1}.Release|Any CPU.ActiveCfg = Release|Any CPU
		{E6E1D512-4D72-4CD2-ACCA-C91CF0B76AC1}.Release|Any CPU.Build.0 = Release|Any CPU
		{C230EF79-10A5-49DA-8AF1-701450997851}.Debug|Any CPU.ActiveCfg = Debug|Any CPU
		{C230EF79-10A5-49DA-8AF1-701450997851}.Debug|Any CPU.Build.0 = Debug|Any CPU
		{C230EF79-10A5-49DA-8AF1-701450997851}.Release|Any CPU.ActiveCfg = Release|Any CPU
		{C230EF79-10A5-49DA-8AF1-701450997851}.Release|Any CPU.Build.0 = Release|Any CPU
		{59E9FCE6-1770-4BC8-A049-76102C93066C}.Debug|Any CPU.ActiveCfg = Debug|Any CPU
		{59E9FCE6-1770-4BC8-A049-76102C93066C}.Debug|Any CPU.Build.0 = Debug|Any CPU
		{59E9FCE6-1770-4BC8-A049-76102C93066C}.Release|Any CPU.ActiveCfg = Release|Any CPU
		{59E9FCE6-1770-4BC8-A049-76102C93066C}.Release|Any CPU.Build.0 = Release|Any CPU
		{4157A874-CC64-4AAC-BB39-2FB160A677DB}.Debug|Any CPU.ActiveCfg = Debug|Any CPU
		{4157A874-CC64-4AAC-BB39-2FB160A677DB}.Debug|Any CPU.Build.0 = Debug|Any CPU
		{4157A874-CC64-4AAC-BB39-2FB160A677DB}.Release|Any CPU.ActiveCfg = Release|Any CPU
		{4157A874-CC64-4AAC-BB39-2FB160A677DB}.Release|Any CPU.Build.0 = Release|Any CPU
	EndGlobalSection
	GlobalSection(SolutionProperties) = preSolution
		HideSolutionNode = FALSE
	EndGlobalSection
	GlobalSection(ExtensibilityGlobals) = postSolution
		SolutionGuid = {56FE9E46-FB4C-4033-AAA3-C20FFE3FD95F}
	EndGlobalSection
EndGlobal
